
Microsoft Visual Studio Solution File, Format Version 12.00
# Visual Studio Version 16
VisualStudioVersion = 16.0.31829.152
MinimumVisualStudioVersion = 10.0.40219.1
Project("{9A19103F-16F7-4668-BE54-9A1E7A4F7556}") = "DACGenerator", "..\DACGenerator\DACGenerator.csproj", "{0B6F2ACB-8A04-48D5-8C7C-F3B0040BF571}"
EndProject
Global
	GlobalSection(SolutionConfigurationPlatforms) = preSolution
		Debug|Any CPU = Debug|Any CPU
		Release|Any CPU = Release|Any CPU
	EndGlobalSection
	GlobalSection(ProjectConfigurationPlatforms) = postSolution
		{0B6F2ACB-8A04-48D5-8C7C-F3B0040BF571}.Debug|Any CPU.ActiveCfg = Debug|Any CPU
		{0B6F2ACB-8A04-48D5-8C7C-F3B0040BF571}.Debug|Any CPU.Build.0 = Debug|Any CPU
		{0B6F2ACB-8A04-48D5-8C7C-F3B0040BF571}.Release|Any CPU.ActiveCfg = Release|Any CPU
		{0B6F2ACB-8A04-48D5-8C7C-F3B0040BF571}.Release|Any CPU.Build.0 = Release|Any CPU
	EndGlobalSection
	GlobalSection(SolutionProperties) = preSolution
		HideSolutionNode = FALSE
	EndGlobalSection
	GlobalSection(ExtensibilityGlobals) = postSolution
		SolutionGuid = {D1CF8154-FC23-49A0-A1EB-82EFE31C6773}
	EndGlobalSection
EndGlobal
